PODS:
  - Capacitor (7.4.4):
    - CapacitorCordova
  - CapacitorApp (6.0.2):
    - Capacitor
  - CapacitorBrowser (6.0.5):
    - Capacitor
  - CapacitorCordova (7.4.4)

DEPENDENCIES:
  - "Capacitor (from `../../../../node_modules/@capacitor/ios`)"
  - "CapacitorApp (from `../../../../node_modules/.pnpm/@capacitor+app@6.0.2_@capacitor+core@7.4.4/node_modules/@capacitor/app`)"
  - "CapacitorBrowser (from `../../../../node_modules/.pnpm/@capacitor+browser@6.0.5_@capacitor+core@7.4.4/node_modules/@capacitor/browser`)"
  - "CapacitorCordova (from `../../../../node_modules/@capacitor/ios`)"

EXTERNAL SOURCES:
  Capacitor:
    :path: "../../../../node_modules/@capacitor/ios"
  CapacitorApp:
    :path: "../../../../node_modules/.pnpm/@capacitor+app@6.0.2_@capacitor+core@7.4.4/node_modules/@capacitor/app"
  CapacitorBrowser:
    :path: "../../../../node_modules/.pnpm/@capacitor+browser@6.0.5_@capacitor+core@7.4.4/node_modules/@capacitor/browser"
  CapacitorCordova:
    :path: "../../../../node_modules/@capacitor/ios"

SPEC CHECKSUMS:
  Capacitor: 358dd1c3fdd71d969547b17e159fd8a7736cb45f
  CapacitorApp: e1e6b7d05e444d593ca16fd6d76f2b7c48b5aea7
  CapacitorBrowser: b468ac2db928e594b4d319727f3874743f9bcf96
  CapacitorCordova: bf648a636f3c153f652d312ae145fb508b6ffced

PODFILE CHECKSUM: 1af094611ceef534daf47ded5fbddc6b7047e02b

COCOAPODS: 1.16.2
