PODS:
  - Capacitor (7.4.4):
    - CapacitorCordova
  - CapacitorApp (7.1.0):
    - Capacitor
  - CapacitorBrowser (7.0.2):
    - Capacitor
  - CapacitorCamera (7.0.3):
    - Capacitor
  - CapacitorCordova (7.4.4)
  - CapacitorFilesystem (7.1.4):
    - Capacitor
    - IONFilesystemLib (~> 1.0.1)
  - CapacitorHaptics (7.0.2):
    - Capacitor
  - CapacitorKeyboard (7.0.3):
    - Capacitor
  - CapacitorShare (7.0.2):
    - Capacitor
  - CapacitorStatusBar (7.0.3):
    - Capacitor
  - IONFilesystemLib (1.0.1)

DEPENDENCIES:
  - "Capacitor (from `../../../../node_modules/.pnpm/@capacitor+ios@7.4.4_@capacitor+core@7.4.4/node_modules/@capacitor/ios`)"
  - "CapacitorApp (from `../../../../node_modules/.pnpm/@capacitor+app@7.1.0_@capacitor+core@7.4.4/node_modules/@capacitor/app`)"
  - "CapacitorBrowser (from `../../../../node_modules/.pnpm/@capacitor+browser@7.0.2_@capacitor+core@7.4.4/node_modules/@capacitor/browser`)"
  - "CapacitorCamera (from `../../../../node_modules/.pnpm/@capacitor+camera@7.0.3_@capacitor+core@7.4.4/node_modules/@capacitor/camera`)"
  - "CapacitorCordova (from `../../../../node_modules/.pnpm/@capacitor+ios@7.4.4_@capacitor+core@7.4.4/node_modules/@capacitor/ios`)"
  - "CapacitorFilesystem (from `../../../../node_modules/.pnpm/@capacitor+filesystem@7.1.4_@capacitor+core@7.4.4/node_modules/@capacitor/filesystem`)"
  - "CapacitorHaptics (from `../../../../node_modules/.pnpm/@capacitor+haptics@7.0.2_@capacitor+core@7.4.4/node_modules/@capacitor/haptics`)"
  - "CapacitorKeyboard (from `../../../../node_modules/.pnpm/@capacitor+keyboard@7.0.3_@capacitor+core@7.4.4/node_modules/@capacitor/keyboard`)"
  - "CapacitorShare (from `../../../../node_modules/.pnpm/@capacitor+share@7.0.2_@capacitor+core@7.4.4/node_modules/@capacitor/share`)"
  - "CapacitorStatusBar (from `../../../../node_modules/.pnpm/@capacitor+status-bar@7.0.3_@capacitor+core@7.4.4/node_modules/@capacitor/status-bar`)"

SPEC REPOS:
  trunk:
    - IONFilesystemLib

EXTERNAL SOURCES:
  Capacitor:
    :path: "../../../../node_modules/.pnpm/@capacitor+ios@7.4.4_@capacitor+core@7.4.4/node_modules/@capacitor/ios"
  CapacitorApp:
    :path: "../../../../node_modules/.pnpm/@capacitor+app@7.1.0_@capacitor+core@7.4.4/node_modules/@capacitor/app"
  CapacitorBrowser:
    :path: "../../../../node_modules/.pnpm/@capacitor+browser@7.0.2_@capacitor+core@7.4.4/node_modules/@capacitor/browser"
  CapacitorCamera:
    :path: "../../../../node_modules/.pnpm/@capacitor+camera@7.0.3_@capacitor+core@7.4.4/node_modules/@capacitor/camera"
  CapacitorCordova:
    :path: "../../../../node_modules/.pnpm/@capacitor+ios@7.4.4_@capacitor+core@7.4.4/node_modules/@capacitor/ios"
  CapacitorFilesystem:
    :path: "../../../../node_modules/.pnpm/@capacitor+filesystem@7.1.4_@capacitor+core@7.4.4/node_modules/@capacitor/filesystem"
  CapacitorHaptics:
    :path: "../../../../node_modules/.pnpm/@capacitor+haptics@7.0.2_@capacitor+core@7.4.4/node_modules/@capacitor/haptics"
  CapacitorKeyboard:
    :path: "../../../../node_modules/.pnpm/@capacitor+keyboard@7.0.3_@capacitor+core@7.4.4/node_modules/@capacitor/keyboard"
  CapacitorShare:
    :path: "../../../../node_modules/.pnpm/@capacitor+share@7.0.2_@capacitor+core@7.4.4/node_modules/@capacitor/share"
  CapacitorStatusBar:
    :path: "../../../../node_modules/.pnpm/@capacitor+status-bar@7.0.3_@capacitor+core@7.4.4/node_modules/@capacitor/status-bar"

SPEC CHECKSUMS:
  Capacitor: 358dd1c3fdd71d969547b17e159fd8a7736cb45f
  CapacitorApp: 26587c2ce485d88ddb39adb21cac64f8e481afe3
  CapacitorBrowser: 22541e48442de44dc629c214388290d6eecc6ae9
  CapacitorCamera: 6746827d82376f31cea9224945c0458c9fd0b0b2
  CapacitorCordova: bf648a636f3c153f652d312ae145fb508b6ffced
  CapacitorFilesystem: f9bd850c41e048180e5dc0cbb90f2033ede9d2cc
  CapacitorHaptics: b3fb2869e72c4466e18ce9ccbeb60a3d8723b3d4
  CapacitorKeyboard: 62f36104f26d53d8b3a2a43f2a69fe714f1777d5
  CapacitorShare: be166411fa995ead2d39b104aa0aae56d8615c66
  CapacitorStatusBar: 0659ddc7b1713764a05831463d215b177a15d054
  IONFilesystemLib: 89258b8e3e85465da93127d25d7ce37f977e8a6f

PODFILE CHECKSUM: a410637eecd2dbaca643031299c12ec036236ab2

COCOAPODS: 1.16.2
